
Microsoft Visual Studio Solution File, Format Version 12.00
# Visual Studio Version 16
VisualStudioVersion = 16.0.31025.194
MinimumVisualStudioVersion = 10.0.40219.1
Project("{9A19103F-16F7-4668-BE54-9A1E7A4F7556}") = "DataAccess", "DataAccess\DataAccess.csproj", "{64A8008B-5245-4226-B2DB-CD6A1DADEDCE}"
EndProject
Project("{9A19103F-16F7-4668-BE54-9A1E7A4F7556}") = "Business", "Business\Business.csproj", "{BFDA1A56-3B00-4B28-90AB-94135B8085B6}"
EndProject
Project("{9A19103F-16F7-4668-BE54-9A1E7A4F7556}") = "Entities", "Entities\Entities.csproj", "{8237331D-1E92-4341-8268-0A591FD9F8EA}"
EndProject
Project("{9A19103F-16F7-4668-BE54-9A1E7A4F7556}") = "ConsoleUI", "ConsoleUI\ConsoleUI.csproj", "{834516AB-E712-4F1B-B770-71D116513908}"
EndProject
Project("{FAE04EC0-301F-11D3-BF4B-00C04F79EFBC}") = "Core", "Core\Core.csproj", "{4A9FCE3C-9A0C-4C39-B507-038A42E6726F}"
EndProject
Global
	GlobalSection(SolutionConfigurationPlatforms) = preSolution
		Debug|Any CPU = Debug|Any CPU
		Release|Any CPU = Release|Any CPU
	EndGlobalSection
	GlobalSection(ProjectConfigurationPlatforms) = postSolution
		{64A8008B-5245-4226-B2DB-CD6A1DADEDCE}.Debug|Any CPU.ActiveCfg = Debug|Any CPU
		{64A8008B-5245-4226-B2DB-CD6A1DADEDCE}.Debug|Any CPU.Build.0 = Debug|Any CPU
		{64A8008B-5245-4226-B2DB-CD6A1DADEDCE}.Release|Any CPU.ActiveCfg = Release|Any CPU
		{64A8008B-5245-4226-B2DB-CD6A1DADEDCE}.Release|Any CPU.Build.0 = Release|Any CPU
		{BFDA1A56-3B00-4B28-90AB-94135B8085B6}.Debug|Any CPU.ActiveCfg = Debug|Any CPU
		{BFDA1A56-3B00-4B28-90AB-94135B8085B6}.Debug|Any CPU.Build.0 = Debug|Any CPU
		{BFDA1A56-3B00-4B28-90AB-94135B8085B6}.Release|Any CPU.ActiveCfg = Release|Any CPU
		{BFDA1A56-3B00-4B28-90AB-94135B8085B6}.Release|Any CPU.Build.0 = Release|Any CPU
		{8237331D-1E92-4341-8268-0A591FD9F8EA}.Debug|Any CPU.ActiveCfg = Debug|Any CPU
		{8237331D-1E92-4341-8268-0A591FD9F8EA}.Debug|Any CPU.Build.0 = Debug|Any CPU
		{8237331D-1E92-4341-8268-0A591FD9F8EA}.Release|Any CPU.ActiveCfg = Release|Any CPU
		{8237331D-1E92-4341-8268-0A591FD9F8EA}.Release|Any CPU.Build.0 = Release|Any CPU
		{834516AB-E712-4F1B-B770-71D116513908}.Debug|Any CPU.ActiveCfg = Debug|Any CPU
		{834516AB-E712-4F1B-B770-71D116513908}.Debug|Any CPU.Build.0 = Debug|Any CPU
		{834516AB-E712-4F1B-B770-71D116513908}.Release|Any CPU.ActiveCfg = Release|Any CPU
		{834516AB-E712-4F1B-B770-71D116513908}.Release|Any CPU.Build.0 = Release|Any CPU
		{4A9FCE3C-9A0C-4C39-B507-038A42E6726F}.Debug|Any CPU.ActiveCfg = Debug|Any CPU
		{4A9FCE3C-9A0C-4C39-B507-038A42E6726F}.Debug|Any CPU.Build.0 = Debug|Any CPU
		{4A9FCE3C-9A0C-4C39-B507-038A42E6726F}.Release|Any CPU.ActiveCfg = Release|Any CPU
		{4A9FCE3C-9A0C-4C39-B507-038A42E6726F}.Release|Any CPU.Build.0 = Release|Any CPU
	EndGlobalSection
	GlobalSection(SolutionProperties) = preSolution
		HideSolutionNode = FALSE
	EndGlobalSection
	GlobalSection(ExtensibilityGlobals) = postSolution
		SolutionGuid = {19ED39BB-5176-4D52-9EE4-24C7E603AC41}
	EndGlobalSection
EndGlobal
